
Microsoft Visual Studio Solution File, Format Version 12.00
# Visual Studio Version 17
VisualStudioVersion = 17.4.33403.182
MinimumVisualStudioVersion = 10.0.40219.1
Project("{FAE04EC0-301F-11D3-BF4B-00C04F79EFBC}") = "MusicApp.Api", "MusicApp.Api\MusicApp.Api.csproj", "{AE970E81-EF14-4DDA-AD6D-E63FF1655217}"
EndProject
Global
	GlobalSection(SolutionConfigurationPlatforms) = preSolution
		Debug|Any CPU = Debug|Any CPU
		Release|Any CPU = Release|Any CPU
	EndGlobalSection
	GlobalSection(ProjectConfigurationPlatforms) = postSolution
		{AE970E81-EF14-4DDA-AD6D-E63FF1655217}.Debug|Any CPU.ActiveCfg = Debug|Any CPU
		{AE970E81-EF14-4DDA-AD6D-E63FF1655217}.Debug|Any CPU.Build.0 = Debug|Any CPU
		{AE970E81-EF14-4DDA-AD6D-E63FF1655217}.Release|Any CPU.ActiveCfg = Release|Any CPU
		{AE970E81-EF14-4DDA-AD6D-E63FF1655217}.Release|Any CPU.Build.0 = Release|Any CPU
	EndGlobalSection
	GlobalSection(SolutionProperties) = preSolution
		HideSolutionNode = FALSE
	EndGlobalSection
	GlobalSection(ExtensibilityGlobals) = postSolution
		SolutionGuid = {944C899D-13A8-433E-9B10-FCD3ABB8D6A2}
	EndGlobalSection
EndGlobal
